// !$*UTF8*$!
{
	archiveVersion = 1;
	classes = {
	};
	objectVersion = 52;
	objects = {

/* Begin PBXBuildFile section */
		D16A654E24A84CE200A2C781 /* AppDelegate.swift in Sources */ = {isa = PBXBuildFile; fileRef = D16A654D24A84CE200A2C781 /* AppDelegate.swift */; };
		D16A655024A84CE200A2C781 /* SceneDelegate.swift in Sources */ = {isa = PBXBuildFile; fileRef = D16A654F24A84CE200A2C781 /* SceneDelegate.swift */; };
		D16A655224A84CE200A2C781 /* ContentView.swift in Sources */ = {isa = PBXBuildFile; fileRef = D16A655124A84CE200A2C781 /* ContentView.swift */; };
		D16A655424A84CE300A2C781 /* Assets.xcassets in Resources */ = {isa = PBXBuildFile; fileRef = D16A655324A84CE300A2C781 /* Assets.xcassets */; };
		D16A655724A84CE300A2C781 /* Preview Assets.xcassets in Resources */ = {isa = PBXBuildFile; fileRef = D16A655624A84CE300A2C781 /* Preview Assets.xcassets */; };
		D16A655A24A84CE300A2C781 /* LaunchScreen.storyboard in Resources */ = {isa = PBXBuildFile; fileRef = D16A655824A84CE300A2C781 /* LaunchScreen.storyboard */; };
		D16A656524A84D8A00A2C781 /* ProspectsView.swift in Sources */ = {isa = PBXBuildFile; fileRef = D16A656424A84D8A00A2C781 /* ProspectsView.swift */; };
		D16A656724A84D9800A2C781 /* MeView.swift in Sources */ = {isa = PBXBuildFile; fileRef = D16A656624A84D9800A2C781 /* MeView.swift */; };
		D16A656924A90B9D00A2C781 /* Prospect.swift in Sources */ = {isa = PBXBuildFile; fileRef = D16A656824A90B9D00A2C781 /* Prospect.swift */; };
		D19668C724A927DD00C8540B /* CodeScanner in Frameworks */ = {isa = PBXBuildFile; productRef = D19668C624A927DD00C8540B /* CodeScanner */; };
/* End PBXBuildFile section */

/* Begin PBXFileReference section */
		D16A654A24A84CE200A2C781 /* hotProspectActual.app */ = {isa = PBXFileReference; explicitFileType = wrapper.application; includeInIndex = 0; path = hotProspectActual.app; sourceTree = BUILT_PRODUCTS_DIR; };
		D16A654D24A84CE200A2C781 /* AppDelegate.swift */ = {isa = PBXFileReference; lastKnownFileType = sourcecode.swift; path = AppDelegate.swift; sourceTree = "<group>"; };
		D16A654F24A84CE200A2C781 /* SceneDelegate.swift */ = {isa = PBXFileReference; lastKnownFileType = sourcecode.swift; path = SceneDelegate.swift; sourceTree = "<group>"; };
		D16A655124A84CE200A2C781 /* ContentView.swift */ = {isa = PBXFileReference; lastKnownFileType = sourcecode.swift; path = ContentView.swift; sourceTree = "<group>"; };
		D16A655324A84CE300A2C781 /* Assets.xcassets */ = {isa = PBXFileReference; lastKnownFileType = folder.assetcatalog; path = Assets.xcassets; sourceTree = "<group>"; };
		D16A655624A84CE300A2C781 /* Preview Assets.xcassets */ = {isa = PBXFileReference; lastKnownFileType = folder.assetcatalog; path = "Preview Assets.xcassets"; sourceTree = "<group>"; };
		D16A655924A84CE300A2C781 /* Base */ = {isa = PBXFileReference; lastKnownFileType = file.storyboard; name = Base; path = Base.lproj/LaunchScreen.storyboard; sourceTree = "<group>"; };
		D16A655B24A84CE300A2C781 /* Info.plist */ = {isa = PBXFileReference; lastKnownFileType = text.plist.xml; path = Info.plist; sourceTree = "<group>"; };
		D16A656424A84D8A00A2C781 /* ProspectsView.swift */ = {isa = PBXFileReference; lastKnownFileType = sourcecode.swift; path = ProspectsView.swift; sourceTree = "<group>"; };
		D16A656624A84D9800A2C781 /* MeView.swift */ = {isa = PBXFileReference; lastKnownFileType = sourcecode.swift; path = MeView.swift; sourceTree = "<group>"; };
		D16A656824A90B9D00A2C781 /* Prospect.swift */ = {isa = PBXFileReference; lastKnownFileType = sourcecode.swift; path = Prospect.swift; sourceTree = "<group>"; };
/* End PBXFileReference section */

/* Begin PBXFrameworksBuildPhase section */
		D16A654724A84CE200A2C781 /* Frameworks */ = {
			isa = PBXFrameworksBuildPhase;
			buildActionMask = 2147483647;
			files = (
				D19668C724A927DD00C8540B /* CodeScanner in Frameworks */,
			);
			runOnlyForDeploymentPostprocessing = 0;
		};
/* End PBXFrameworksBuildPhase section */

/* Begin PBXGroup section */
		D16A654124A84CE200A2C781 = {
			isa = PBXGroup;
			children = (
				D16A654C24A84CE200A2C781 /* hotProspectActual */,
				D16A654B24A84CE200A2C781 /* Products */,
			);
			sourceTree = "<group>";
		};
		D16A654B24A84CE200A2C781 /* Products */ = {
			isa = PBXGroup;
			children = (
				D16A654A24A84CE200A2C781 /* hotProspectActual.app */,
			);
			name = Products;
			sourceTree = "<group>";
		};
		D16A654C24A84CE200A2C781 /* hotProspectActual */ = {
			isa = PBXGroup;
			children = (
				D16A654D24A84CE200A2C781 /* AppDelegate.swift */,
				D16A654F24A84CE200A2C781 /* SceneDelegate.swift */,
				D16A655124A84CE200A2C781 /* ContentView.swift */,
				D16A655324A84CE300A2C781 /* Assets.xcassets */,
				D16A655824A84CE300A2C781 /* LaunchScreen.storyboard */,
				D16A655B24A84CE300A2C781 /* Info.plist */,
				D16A656324A84D1500A2C781 /* models */,
				D16A656224A84D0D00A2C781 /* viewmodels */,
				D16A656124A84D0500A2C781 /* views */,
				D16A655524A84CE300A2C781 /* Preview Content */,
			);
			path = hotProspectActual;
			sourceTree = "<group>";
		};
		D16A655524A84CE300A2C781 /* Preview Content */ = {
			isa = PBXGroup;
			children = (
				D16A655624A84CE300A2C781 /* Preview Assets.xcassets */,
			);
			path = "Preview Content";
			sourceTree = "<group>";
		};
		D16A656124A84D0500A2C781 /* views */ = {
			isa = PBXGroup;
			children = (
				D16A656424A84D8A00A2C781 /* ProspectsView.swift */,
				D16A656624A84D9800A2C781 /* MeView.swift */,
			);
			path = views;
			sourceTree = "<group>";
		};
		D16A656224A84D0D00A2C781 /* viewmodels */ = {
			isa = PBXGroup;
			children = (
			);
			path = viewmodels;
			sourceTree = "<group>";
		};
		D16A656324A84D1500A2C781 /* models */ = {
			isa = PBXGroup;
			children = (
				D16A656824A90B9D00A2C781 /* Prospect.swift */,
			);
			path = models;
			sourceTree = "<group>";
		};
/* End PBXGroup section */

/* Begin PBXNativeTarget section */
		D16A654924A84CE200A2C781 /* hotProspectActual */ = {
			isa = PBXNativeTarget;
			buildConfigurationList = D16A655E24A84CE300A2C781 /* Build configuration list for PBXNativeTarget "hotProspectActual" */;
			buildPhases = (
				D16A654624A84CE200A2C781 /* Sources */,
				D16A654724A84CE200A2C781 /* Frameworks */,
				D16A654824A84CE200A2C781 /* Resources */,
			);
			buildRules = (
			);
			dependencies = (
			);
			name = hotProspectActual;
			packageProductDependencies = (
				D19668C624A927DD00C8540B /* CodeScanner */,
			);
			productName = hotProspectActual;
			productReference = D16A654A24A84CE200A2C781 /* hotProspectActual.app */;
			productType = "com.apple.product-type.application";
		};
/* End PBXNativeTarget section */

/* Begin PBXProject section */
		D16A654224A84CE200A2C781 /* Project object */ = {
			isa = PBXProject;
			attributes = {
				LastSwiftUpdateCheck = 1150;
				LastUpgradeCheck = 1150;
				ORGANIZATIONNAME = "Aldiyar Batyrbekov";
				TargetAttributes = {
					D16A654924A84CE200A2C781 = {
						CreatedOnToolsVersion = 11.5;
					};
				};
			};
			buildConfigurationList = D16A654524A84CE200A2C781 /* Build configuration list for PBXProject "hotProspectActual" */;
			compatibilityVersion = "Xcode 9.3";
			developmentRegion = en;
			hasScannedForEncodings = 0;
			knownRegions = (
				en,
				Base,
			);
			mainGroup = D16A654124A84CE200A2C781;
			packageReferences = (
				D19668C524A927DD00C8540B /* XCRemoteSwiftPackageReference "CodeScanner" */,
			);
			productRefGroup = D16A654B24A84CE200A2C781 /* Products */;
			projectDirPath = "";
			projectRoot = "";
			targets = (
				D16A654924A84CE200A2C781 /* hotProspectActual */,
			);
		};
/* End PBXProject section */

/* Begin PBXResourcesBuildPhase section */
		D16A654824A84CE200A2C781 /* Resources */ = {
			isa = PBXResourcesBuildPhase;
			buildActionMask = 2147483647;
			files = (
				D16A655A24A84CE300A2C781 /* LaunchScreen.storyboard in Resources */,
				D16A655724A84CE300A2C781 /* Preview Assets.xcassets in Resources */,
				D16A655424A84CE300A2C781 /* Assets.xcassets in Resources */,
			);
			runOnlyForDeploymentPostprocessing = 0;
		};
/* End PBXResourcesBuildPhase section */

/* Begin PBXSourcesBuildPhase section */
		D16A654624A84CE200A2C781 /* Sources */ = {
			isa = PBXSourcesBuildPhase;
			buildActionMask = 2147483647;
			files = (
				D16A656524A84D8A00A2C781 /* ProspectsView.swift in Sources */,
				D16A656924A90B9D00A2C781 /* Prospect.swift in Sources */,
				D16A654E24A84CE200A2C781 /* AppDelegate.swift in Sources */,
				D16A655024A84CE200A2C781 /* SceneDelegate.swift in Sources */,
				D16A655224A84CE200A2C781 /* ContentView.swift in Sources */,
				D16A656724A84D9800A2C781 /* MeView.swift in Sources */,
			);
			runOnlyForDeploymentPostprocessing = 0;
		};
/* End PBXSourcesBuildPhase section */

/* Begin PBXVariantGroup section */
		D16A655824A84CE300A2C781 /* LaunchScreen.storyboard */ = {
			isa = PBXVariantGroup;
			children = (
				D16A655924A84CE300A2C781 /* Base */,
			);
			name = LaunchScreen.storyboard;
			sourceTree = "<group>";
		};
/* End PBXVariantGroup section */

/* Begin XCBuildConfiguration section */
		D16A655C24A84CE300A2C781 /* Debug */ = {
			isa = XCBuildConfiguration;
			buildSettings = {
				ALWAYS_SEARCH_USER_PATHS = NO;
				CLANG_ANALYZER_NONNULL = YES;
				CLANG_ANALYZER_NUMBER_OBJECT_CONVERSION = YES_AGGRESSIVE;
				CLANG_CXX_LANGUAGE_STANDARD = "gnu++14";
				CLANG_CXX_LIBRARY = "libc++";
				CLANG_ENABLE_MODULES = YES;
				CLANG_ENABLE_OBJC_ARC = YES;
				CLANG_ENABLE_OBJC_WEAK = YES;
				CLANG_WARN_BLOCK_CAPTURE_AUTORELEASING = YES;
				CLANG_WARN_BOOL_CONVERSION = YES;
				CLANG_WARN_COMMA = YES;
				CLANG_WARN_CONSTANT_CONVERSION = YES;
				CLANG_WARN_DEPRECATED_OBJC_IMPLEMENTATIONS = YES;
				CLANG_WARN_DIRECT_OBJC_ISA_USAGE = YES_ERROR;
				CLANG_WARN_DOCUMENTATION_COMMENTS = YES;
				CLANG_WARN_EMPTY_BODY = YES;
				CLANG_WARN_ENUM_CONVERSION = YES;
				CLANG_WARN_INFINITE_RECURSION = YES;
				CLANG_WARN_INT_CONVERSION = YES;
				CLANG_WARN_NON_LITERAL_NULL_CONVERSION = YES;
				CLANG_WARN_OBJC_IMPLICIT_RETAIN_SELF = YES;
				CLANG_WARN_OBJC_LITERAL_CONVERSION = YES;
				CLANG_WARN_OBJC_ROOT_CLASS = YES_ERROR;
				CLANG_WARN_RANGE_LOOP_ANALYSIS = YES;
				CLANG_WARN_STRICT_PROTOTYPES = YES;
				CLANG_WARN_SUSPICIOUS_MOVE = YES;
				CLANG_WARN_UNGUARDED_AVAILABILITY = YES_AGGRESSIVE;
				CLANG_WARN_UNREACHABLE_CODE = YES;
				CLANG_WARN__DUPLICATE_METHOD_MATCH = YES;
				COPY_PHASE_STRIP = NO;
				DEBUG_INFORMATION_FORMAT = dwarf;
				ENABLE_STRICT_OBJC_MSGSEND = YES;
				ENABLE_TESTABILITY = YES;
				GCC_C_LANGUAGE_STANDARD = gnu11;
				GCC_DYNAMIC_NO_PIC = NO;
				GCC_NO_COMMON_BLOCKS = YES;
				GCC_OPTIMIZATION_LEVEL = 0;
				GCC_PREPROCESSOR_DEFINITIONS = (
					"DEBUG=1",
					"$(inherited)",
				);
				GCC_WARN_64_TO_32_BIT_CONVERSION = YES;
				GCC_WARN_ABOUT_RETURN_TYPE = YES_ERROR;
				GCC_WARN_UNDECLARED_SELECTOR = YES;
				GCC_WARN_UNINITIALIZED_AUTOS = YES_AGGRESSIVE;
				GCC_WARN_UNUSED_FUNCTION = YES;
				GCC_WARN_UNUSED_VARIABLE = YES;
				IPHONEOS_DEPLOYMENT_TARGET = 13.5;
				MTL_ENABLE_DEBUG_INFO = INCLUDE_SOURCE;
				MTL_FAST_MATH = YES;
				ONLY_ACTIVE_ARCH = YES;
				SDKROOT = iphoneos;
				SWIFT_ACTIVE_COMPILATION_CONDITIONS = DEBUG;
				SWIFT_OPTIMIZATION_LEVEL = "-Onone";
			};
			name = Debug;
		};
		D16A655D24A84CE300A2C781 /* Release */ = {
			isa = XCBuildConfiguration;
			buildSettings = {
				ALWAYS_SEARCH_USER_PATHS = NO;
				CLANG_ANALYZER_NONNULL = YES;
				CLANG_ANALYZER_NUMBER_OBJECT_CONVERSION = YES_AGGRESSIVE;
				CLANG_CXX_LANGUAGE_STANDARD = "gnu++14";
				CLANG_CXX_LIBRARY = "libc++";
				CLANG_ENABLE_MODULES = YES;
				CLANG_ENABLE_OBJC_ARC = YES;
				CLANG_ENABLE_OBJC_WEAK = YES;
				CLANG_WARN_BLOCK_CAPTURE_AUTORELEASING = YES;
				CLANG_WARN_BOOL_CONVERSION = YES;
				CLANG_WARN_COMMA = YES;
				CLANG_WARN_CONSTANT_CONVERSION = YES;
				CLANG_WARN_DEPRECATED_OBJC_IMPLEMENTATIONS = YES;
				CLANG_WARN_DIRECT_OBJC_ISA_USAGE = YES_ERROR;
				CLANG_WARN_DOCUMENTATION_COMMENTS = YES;
				CLANG_WARN_EMPTY_BODY = YES;
				CLANG_WARN_ENUM_CONVERSION = YES;
				CLANG_WARN_INFINITE_RECURSION = YES;
				CLANG_WARN_INT_CONVERSION = YES;
				CLANG_WARN_NON_LITERAL_NULL_CONVERSION = YES;
				CLANG_WARN_OBJC_IMPLICIT_RETAIN_SELF = YES;
				CLANG_WARN_OBJC_LITERAL_CONVERSION = YES;
				CLANG_WARN_OBJC_ROOT_CLASS = YES_ERROR;
				CLANG_WARN_RANGE_LOOP_ANALYSIS = YES;
				CLANG_WARN_STRICT_PROTOTYPES = YES;
				CLANG_WARN_SUSPICIOUS_MOVE = YES;
				CLANG_WARN_UNGUARDED_AVAILABILITY = YES_AGGRESSIVE;
				CLANG_WARN_UNREACHABLE_CODE = YES;
				CLANG_WARN__DUPLICATE_METHOD_MATCH = YES;
				COPY_PHASE_STRIP = NO;
				DEBUG_INFORMATION_FORMAT = "dwarf-with-dsym";
				ENABLE_NS_ASSERTIONS = NO;
				ENABLE_STRICT_OBJC_MSGSEND = YES;
				GCC_C_LANGUAGE_STANDARD = gnu11;
				GCC_NO_COMMON_BLOCKS = YES;
				GCC_WARN_64_TO_32_BIT_CONVERSION = YES;
				GCC_WARN_ABOUT_RETURN_TYPE = YES_ERROR;
				GCC_WARN_UNDECLARED_SELECTOR = YES;
				GCC_WARN_UNINITIALIZED_AUTOS = YES_AGGRESSIVE;
				GCC_WARN_UNUSED_FUNCTION = YES;
				GCC_WARN_UNUSED_VARIABLE = YES;
				IPHONEOS_DEPLOYMENT_TARGET = 13.5;
				MTL_ENABLE_DEBUG_INFO = NO;
				MTL_FAST_MATH = YES;
				SDKROOT = iphoneos;
				SWIFT_COMPILATION_MODE = wholemodule;
				SWIFT_OPTIMIZATION_LEVEL = "-O";
				VALIDATE_PRODUCT = YES;
			};
			name = Release;
		};
		D16A655F24A84CE300A2C781 /* Debug */ = {
			isa = XCBuildConfiguration;
			buildSettings = {
				ASSETCATALOG_COMPILER_APPICON_NAME = AppIcon;
				CODE_SIGN_STYLE = Automatic;
				DEVELOPMENT_ASSET_PATHS = "\"hotProspectActual/Preview Content\"";
				ENABLE_PREVIEWS = YES;
				INFOPLIST_FILE = hotProspectActual/Info.plist;
				LD_RUNPATH_SEARCH_PATHS = (
					"$(inherited)",
					"@executable_path/Frameworks",
				);
				PRODUCT_BUNDLE_IDENTIFIER = com.aldibacreates.hotProspectActual;
				PRODUCT_NAME = "$(TARGET_NAME)";
				SWIFT_VERSION = 5.0;
				TARGETED_DEVICE_FAMILY = "1,2";
			};
			name = Debug;
		};
		D16A656024A84CE300A2C781 /* Release */ = {
			isa = XCBuildConfiguration;
			buildSettings = {
				ASSETCATALOG_COMPILER_APPICON_NAME = AppIcon;
				CODE_SIGN_STYLE = Automatic;
				DEVELOPMENT_ASSET_PATHS = "\"hotProspectActual/Preview Content\"";
				ENABLE_PREVIEWS = YES;
				INFOPLIST_FILE = hotProspectActual/Info.plist;
				LD_RUNPATH_SEARCH_PATHS = (
					"$(inherited)",
					"@executable_path/Frameworks",
				);
				PRODUCT_BUNDLE_IDENTIFIER = com.aldibacreates.hotProspectActual;
				PRODUCT_NAME = "$(TARGET_NAME)";
				SWIFT_VERSION = 5.0;
				TARGETED_DEVICE_FAMILY = "1,2";
			};
			name = Release;
		};
/* End XCBuildConfiguration section */

/* Begin XCConfigurationList section */
		D16A654524A84CE200A2C781 /* Build configuration list for PBXProject "hotProspectActual" */ = {
			isa = XCConfigurationList;
			buildConfigurations = (
				D16A655C24A84CE300A2C781 /* Debug */,
				D16A655D24A84CE300A2C781 /* Release */,
			);
			defaultConfigurationIsVisible = 0;
			defaultConfigurationName = Release;
		};
		D16A655E24A84CE300A2C781 /* Build configuration list for PBXNativeTarget "hotProspectActual" */ = {
			isa = XCConfigurationList;
			buildConfigurations = (
				D16A655F24A84CE300A2C781 /* Debug */,
				D16A656024A84CE300A2C781 /* Release */,
			);
			defaultConfigurationIsVisible = 0;
			defaultConfigurationName = Release;
		};
/* End XCConfigurationList section */

/* Begin XCRemoteSwiftPackageReference section */
		D19668C524A927DD00C8540B /* XCRemoteSwiftPackageReference "CodeScanner" */ = {
			isa = XCRemoteSwiftPackageReference;
			repositoryURL = "https://github.com/twostraws/CodeScanner";
			requirement = {
				kind = upToNextMajorVersion;
				minimumVersion = 1.0.6;
			};
		};
/* End XCRemoteSwiftPackageReference section */

/* Begin XCSwiftPackageProductDependency section */
		D19668C624A927DD00C8540B /* CodeScanner */ = {
			isa = XCSwiftPackageProductDependency;
			package = D19668C524A927DD00C8540B /* XCRemoteSwiftPackageReference "CodeScanner" */;
			productName = CodeScanner;
		};
/* End XCSwiftPackageProductDependency section */
	};
	rootObject = D16A654224A84CE200A2C781 /* Project object */;
}
